schema: '2.0'
stages:
  preparation:
    cmd: python src/preparation.py
    deps:
    - path: data/raw
      md5: 75b8cd514ebeca798827157986e31e75.dir
      size: 106557364
      nfiles: 13398
    - path: src/preparation.py
      md5: bfa166dfdf9854788313e6d09572775f
      size: 1271
    outs:
    - path: data/prepared/test.csv
      md5: 49edc28f3d0f065d2fae9d6cb671956a
      size: 100685
    - path: data/prepared/train.csv
      md5: e32b5af5f58e67d6241f1b95d0d0e789
      size: 248768
  train:
    cmd: python src/train.py
    deps:
    - path: data/prepared/train.csv
      md5: e32b5af5f58e67d6241f1b95d0d0e789
      size: 248768
    - path: src/train.py
      md5: 37545ae422a6f1ed184c51b2fe30a316
      size: 1371
    outs:
    - path: model/model.joblib
      md5: 1064ab414a6a96383bf9625443a7da49
      size: 241148
